
Microsoft Visual Studio Solution File, Format Version 12.00
# Visual Studio Version 17
VisualStudioVersion = 17.13.35931.197
MinimumVisualStudioVersion = 10.0.40219.1
Project("{FAE04EC0-301F-11D3-BF4B-00C04F79EFBC}") = "BusinessObject", "BusinessObject\BusinessObject.csproj", "{378087F7-2F02-4539-B2B4-A62223035B0A}"
EndProject
Project("{FAE04EC0-301F-11D3-BF4B-00C04F79EFBC}") = "DataAccessLayer", "DataAccessLayer\DataAccessLayer.csproj", "{15EAEC94-113E-4EBC-A71F-228FD562EBA8}"
EndProject
Project("{FAE04EC0-301F-11D3-BF4B-00C04F79EFBC}") = "Repositories", "Repositories\Repositories.csproj", "{36F9C630-0002-4EA5-AB9B-DDED8175BA13}"
EndProject
Project("{FAE04EC0-301F-11D3-BF4B-00C04F79EFBC}") = "Service", "Service\Service.csproj", "{E19D30B3-F5FB-4770-B2D9-89B531436AAE}"
EndProject
Project("{FAE04EC0-301F-11D3-BF4B-00C04F79EFBC}") = "QuiWPF", "QuiWPF\QuiWPF.csproj", "{C60135C0-ACC8-4618-A287-F3012C704BAB}"
EndProject
Global
	GlobalSection(SolutionConfigurationPlatforms) = preSolution
		Debug|Any CPU = Debug|Any CPU
		Release|Any CPU = Release|Any CPU
	EndGlobalSection
	GlobalSection(ProjectConfigurationPlatforms) = postSolution
		{378087F7-2F02-4539-B2B4-A62223035B0A}.Debug|Any CPU.ActiveCfg = Debug|Any CPU
		{378087F7-2F02-4539-B2B4-A62223035B0A}.Debug|Any CPU.Build.0 = Debug|Any CPU
		{378087F7-2F02-4539-B2B4-A62223035B0A}.Release|Any CPU.ActiveCfg = Release|Any CPU
		{378087F7-2F02-4539-B2B4-A62223035B0A}.Release|Any CPU.Build.0 = Release|Any CPU
		{15EAEC94-113E-4EBC-A71F-228FD562EBA8}.Debug|Any CPU.ActiveCfg = Debug|Any CPU
		{15EAEC94-113E-4EBC-A71F-228FD562EBA8}.Debug|Any CPU.Build.0 = Debug|Any CPU
		{15EAEC94-113E-4EBC-A71F-228FD562EBA8}.Release|Any CPU.ActiveCfg = Release|Any CPU
		{15EAEC94-113E-4EBC-A71F-228FD562EBA8}.Release|Any CPU.Build.0 = Release|Any CPU
		{36F9C630-0002-4EA5-AB9B-DDED8175BA13}.Debug|Any CPU.ActiveCfg = Debug|Any CPU
		{36F9C630-0002-4EA5-AB9B-DDED8175BA13}.Debug|Any CPU.Build.0 = Debug|Any CPU
		{36F9C630-0002-4EA5-AB9B-DDED8175BA13}.Release|Any CPU.ActiveCfg = Release|Any CPU
		{36F9C630-0002-4EA5-AB9B-DDED8175BA13}.Release|Any CPU.Build.0 = Release|Any CPU
		{E19D30B3-F5FB-4770-B2D9-89B531436AAE}.Debug|Any CPU.ActiveCfg = Debug|Any CPU
		{E19D30B3-F5FB-4770-B2D9-89B531436AAE}.Debug|Any CPU.Build.0 = Debug|Any CPU
		{E19D30B3-F5FB-4770-B2D9-89B531436AAE}.Release|Any CPU.ActiveCfg = Release|Any CPU
		{E19D30B3-F5FB-4770-B2D9-89B531436AAE}.Release|Any CPU.Build.0 = Release|Any CPU
		{C60135C0-ACC8-4618-A287-F3012C704BAB}.Debug|Any CPU.ActiveCfg = Debug|Any CPU
		{C60135C0-ACC8-4618-A287-F3012C704BAB}.Debug|Any CPU.Build.0 = Debug|Any CPU
		{C60135C0-ACC8-4618-A287-F3012C704BAB}.Release|Any CPU.ActiveCfg = Release|Any CPU
		{C60135C0-ACC8-4618-A287-F3012C704BAB}.Release|Any CPU.Build.0 = Release|Any CPU
	EndGlobalSection
	GlobalSection(SolutionProperties) = preSolution
		HideSolutionNode = FALSE
	EndGlobalSection
	GlobalSection(ExtensibilityGlobals) = postSolution
		SolutionGuid = {EBF6FED7-5F7C-4C69-A892-E49669373541}
	EndGlobalSection
EndGlobal
